// !$*UTF8*$!
{
	archiveVersion = 1;
	classes = {
	};
	objectVersion = 51;
	objects = {

/* Begin PBXBuildFile section */
		2E1F254326A69E8C00D1E61A /* AppDelegate.swift in Sources */ = {isa = PBXBuildFile; fileRef = 2E1F254226A69E8C00D1E61A /* AppDelegate.swift */; };
		2E1F254526A69E8C00D1E61A /* SceneDelegate.swift in Sources */ = {isa = PBXBuildFile; fileRef = 2E1F254426A69E8C00D1E61A /* SceneDelegate.swift */; };
		2E1F254726A69E8C00D1E61A /* ViewController.swift in Sources */ = {isa = PBXBuildFile; fileRef = 2E1F254626A69E8C00D1E61A /* ViewController.swift */; };
		2E1F254A26A69E8C00D1E61A /* Main.storyboard in Resources */ = {isa = PBXBuildFile; fileRef = 2E1F254826A69E8C00D1E61A /* Main.storyboard */; };
		2E1F254D26A69E8C00D1E61A /* Timeline_Practical.xcdatamodeld in Sources */ = {isa = PBXBuildFile; fileRef = 2E1F254B26A69E8C00D1E61A /* Timeline_Practical.xcdatamodeld */; };
		2E1F254F26A69E8E00D1E61A /* Assets.xcassets in Resources */ = {isa = PBXBuildFile; fileRef = 2E1F254E26A69E8E00D1E61A /* Assets.xcassets */; };
		2E1F255226A69E8E00D1E61A /* LaunchScreen.storyboard in Resources */ = {isa = PBXBuildFile; fileRef = 2E1F255026A69E8E00D1E61A /* LaunchScreen.storyboard */; };
		2E1F256326A69FB200D1E61A /* LocationServices.swift in Sources */ = {isa = PBXBuildFile; fileRef = 2E1F256226A69FB200D1E61A /* LocationServices.swift */; };
		2E1F256626A6A45F00D1E61A /* UIViewController+Extension.swift in Sources */ = {isa = PBXBuildFile; fileRef = 2E1F256526A6A45F00D1E61A /* UIViewController+Extension.swift */; };
		2E1F256926A6C17200D1E61A /* LocationList.swift in Sources */ = {isa = PBXBuildFile; fileRef = 2E1F256826A6C17200D1E61A /* LocationList.swift */; };
		2E1F256B26A6D41700D1E61A /* DBManager.swift in Sources */ = {isa = PBXBuildFile; fileRef = 2E1F256A26A6D41700D1E61A /* DBManager.swift */; };
		2E1F256D26A6DF2700D1E61A /* Date+String.swift in Sources */ = {isa = PBXBuildFile; fileRef = 2E1F256C26A6DF2700D1E61A /* Date+String.swift */; };
		2EC38F2926A8006D00C09B47 /* TimelineViewController.swift in Sources */ = {isa = PBXBuildFile; fileRef = 2EC38F2826A8006C00C09B47 /* TimelineViewController.swift */; };
		2EC38F2B26A82EB700C09B47 /* SettingsViewController.swift in Sources */ = {isa = PBXBuildFile; fileRef = 2EC38F2A26A82EB700C09B47 /* SettingsViewController.swift */; };
		2EFE08E426A6F93B006D690C /* AddPlaceViewController.swift in Sources */ = {isa = PBXBuildFile; fileRef = 2EFE08E326A6F93B006D690C /* AddPlaceViewController.swift */; };
		2EFE08E626A70F13006D690C /* Constants.swift in Sources */ = {isa = PBXBuildFile; fileRef = 2EFE08E526A70F13006D690C /* Constants.swift */; };
		2EFE08E826A71D29006D690C /* SearchLocationViewController.swift in Sources */ = {isa = PBXBuildFile; fileRef = 2EFE08E726A71D29006D690C /* SearchLocationViewController.swift */; };
		2EFE08EA26A726C6006D690C /* APIService.swift in Sources */ = {isa = PBXBuildFile; fileRef = 2EFE08E926A726C6006D690C /* APIService.swift */; };
		2EFE08EC26A72CAB006D690C /* SearchLocation.swift in Sources */ = {isa = PBXBuildFile; fileRef = 2EFE08EB26A72CAB006D690C /* SearchLocation.swift */; };
		6608CE003C805BA6D09C06BB /* Pods_Timeline_Practical.framework in Frameworks */ = {isa = PBXBuildFile; fileRef = 6954A537C15615E6DA646A61 /* Pods_Timeline_Practical.framework */; };
/* End PBXBuildFile section */

/* Begin PBXFileReference section */
		09D34390AF60B514CC027B7B /* Pods-Timeline-Practical.release.xcconfig */ = {isa = PBXFileReference; includeInIndex = 1; lastKnownFileType = text.xcconfig; name = "Pods-Timeline-Practical.release.xcconfig"; path = "Target Support Files/Pods-Timeline-Practical/Pods-Timeline-Practical.release.xcconfig"; sourceTree = "<group>"; };
		2E1F253F26A69E8C00D1E61A /* Timeline-Practical.app */ = {isa = PBXFileReference; explicitFileType = wrapper.application; includeInIndex = 0; path = "Timeline-Practical.app"; sourceTree = BUILT_PRODUCTS_DIR; };
		2E1F254226A69E8C00D1E61A /* AppDelegate.swift */ = {isa = PBXFileReference; lastKnownFileType = sourcecode.swift; path = AppDelegate.swift; sourceTree = "<group>"; };
		2E1F254426A69E8C00D1E61A /* SceneDelegate.swift */ = {isa = PBXFileReference; lastKnownFileType = sourcecode.swift; path = SceneDelegate.swift; sourceTree = "<group>"; };
		2E1F254626A69E8C00D1E61A /* ViewController.swift */ = {isa = PBXFileReference; lastKnownFileType = sourcecode.swift; path = ViewController.swift; sourceTree = "<group>"; };
		2E1F254926A69E8C00D1E61A /* Base */ = {isa = PBXFileReference; lastKnownFileType = file.storyboard; name = Base; path = Base.lproj/Main.storyboard; sourceTree = "<group>"; };
		2E1F254C26A69E8C00D1E61A /* Timeline_Practical.xcdatamodel */ = {isa = PBXFileReference; lastKnownFileType = wrapper.xcdatamodel; path = Timeline_Practical.xcdatamodel; sourceTree = "<group>"; };
		2E1F254E26A69E8E00D1E61A /* Assets.xcassets */ = {isa = PBXFileReference; lastKnownFileType = folder.assetcatalog; path = Assets.xcassets; sourceTree = "<group>"; };
		2E1F255126A69E8E00D1E61A /* Base */ = {isa = PBXFileReference; lastKnownFileType = file.storyboard; name = Base; path = Base.lproj/LaunchScreen.storyboard; sourceTree = "<group>"; };
		2E1F255326A69E8E00D1E61A /* Info.plist */ = {isa = PBXFileReference; lastKnownFileType = text.plist.xml; path = Info.plist; sourceTree = "<group>"; };
		2E1F256226A69FB200D1E61A /* LocationServices.swift */ = {isa = PBXFileReference; lastKnownFileType = sourcecode.swift; path = LocationServices.swift; sourceTree = "<group>"; };
		2E1F256526A6A45F00D1E61A /* UIViewController+Extension.swift */ = {isa = PBXFileReference; lastKnownFileType = sourcecode.swift; path = "UIViewController+Extension.swift"; sourceTree = "<group>"; };
		2E1F256826A6C17200D1E61A /* LocationList.swift */ = {isa = PBXFileReference; lastKnownFileType = sourcecode.swift; path = LocationList.swift; sourceTree = "<group>"; };
		2E1F256A26A6D41700D1E61A /* DBManager.swift */ = {isa = PBXFileReference; lastKnownFileType = sourcecode.swift; path = DBManager.swift; sourceTree = "<group>"; };
		2E1F256C26A6DF2700D1E61A /* Date+String.swift */ = {isa = PBXFileReference; lastKnownFileType = sourcecode.swift; path = "Date+String.swift"; sourceTree = "<group>"; };
		2EC38F2826A8006C00C09B47 /* TimelineViewController.swift */ = {isa = PBXFileReference; lastKnownFileType = sourcecode.swift; path = TimelineViewController.swift; sourceTree = "<group>"; };
		2EC38F2A26A82EB700C09B47 /* SettingsViewController.swift */ = {isa = PBXFileReference; lastKnownFileType = sourcecode.swift; path = SettingsViewController.swift; sourceTree = "<group>"; };
		2EFE08E326A6F93B006D690C /* AddPlaceViewController.swift */ = {isa = PBXFileReference; lastKnownFileType = sourcecode.swift; path = AddPlaceViewController.swift; sourceTree = "<group>"; };
		2EFE08E526A70F13006D690C /* Constants.swift */ = {isa = PBXFileReference; lastKnownFileType = sourcecode.swift; path = Constants.swift; sourceTree = "<group>"; };
		2EFE08E726A71D29006D690C /* SearchLocationViewController.swift */ = {isa = PBXFileReference; lastKnownFileType = sourcecode.swift; path = SearchLocationViewController.swift; sourceTree = "<group>"; };
		2EFE08E926A726C6006D690C /* APIService.swift */ = {isa = PBXFileReference; lastKnownFileType = sourcecode.swift; path = APIService.swift; sourceTree = "<group>"; };
		2EFE08EB26A72CAB006D690C /* SearchLocation.swift */ = {isa = PBXFileReference; lastKnownFileType = sourcecode.swift; path = SearchLocation.swift; sourceTree = "<group>"; };
		6954A537C15615E6DA646A61 /* Pods_Timeline_Practical.framework */ = {isa = PBXFileReference; explicitFileType = wrapper.framework; includeInIndex = 0; path = Pods_Timeline_Practical.framework; sourceTree = BUILT_PRODUCTS_DIR; };
		FD4F5010FBFD3C32DC755732 /* Pods-Timeline-Practical.debug.xcconfig */ = {isa = PBXFileReference; includeInIndex = 1; lastKnownFileType = text.xcconfig; name = "Pods-Timeline-Practical.debug.xcconfig"; path = "Target Support Files/Pods-Timeline-Practical/Pods-Timeline-Practical.debug.xcconfig"; sourceTree = "<group>"; };
/* End PBXFileReference section */

/* Begin PBXFrameworksBuildPhase section */
		2E1F253C26A69E8C00D1E61A /* Frameworks */ = {
			isa = PBXFrameworksBuildPhase;
			buildActionMask = 2147483647;
			files = (
				6608CE003C805BA6D09C06BB /* Pods_Timeline_Practical.framework in Frameworks */,
			);
			runOnlyForDeploymentPostprocessing = 0;
		};
/* End PBXFrameworksBuildPhase section */

/* Begin PBXGroup section */
		2E1F253626A69E8C00D1E61A = {
			isa = PBXGroup;
			children = (
				2E1F254126A69E8C00D1E61A /* Timeline-Practical */,
				2E1F254026A69E8C00D1E61A /* Products */,
				D72E91E5C26A5C010EC14C1F /* Pods */,
				605060615F916385BA21037A /* Frameworks */,
			);
			sourceTree = "<group>";
		};
		2E1F254026A69E8C00D1E61A /* Products */ = {
			isa = PBXGroup;
			children = (
				2E1F253F26A69E8C00D1E61A /* Timeline-Practical.app */,
			);
			name = Products;
			sourceTree = "<group>";
		};
		2E1F254126A69E8C00D1E61A /* Timeline-Practical */ = {
			isa = PBXGroup;
			children = (
				2E1F255926A69ECE00D1E61A /* ApplicationFiles */,
				2E1F255A26A69EE500D1E61A /* ViewControllers */,
				2E1F256726A6C13F00D1E61A /* Model */,
				2E1F255F26A69F6A00D1E61A /* Utils */,
				2E1F256E26A6E58100D1E61A /* Views */,
				2E1F255B26A69EF300D1E61A /* Resources */,
				2E1F255326A69E8E00D1E61A /* Info.plist */,
			);
			path = "Timeline-Practical";
			sourceTree = "<group>";
		};
		2E1F255926A69ECE00D1E61A /* ApplicationFiles */ = {
			isa = PBXGroup;
			children = (
				2E1F254226A69E8C00D1E61A /* AppDelegate.swift */,
				2E1F254426A69E8C00D1E61A /* SceneDelegate.swift */,
			);
			path = ApplicationFiles;
			sourceTree = "<group>";
		};
		2E1F255A26A69EE500D1E61A /* ViewControllers */ = {
			isa = PBXGroup;
			children = (
				2E1F254626A69E8C00D1E61A /* ViewController.swift */,
				2EFE08E326A6F93B006D690C /* AddPlaceViewController.swift */,
				2EFE08E726A71D29006D690C /* SearchLocationViewController.swift */,
				2EC38F2826A8006C00C09B47 /* TimelineViewController.swift */,
				2EC38F2A26A82EB700C09B47 /* SettingsViewController.swift */,
			);
			path = ViewControllers;
			sourceTree = "<group>";
		};
		2E1F255B26A69EF300D1E61A /* Resources */ = {
			isa = PBXGroup;
			children = (
				2E1F255D26A69F0A00D1E61A /* Assets */,
				2E1F255C26A69EFB00D1E61A /* Storyboards */,
			);
			name = Resources;
			sourceTree = "<group>";
		};
		2E1F255C26A69EFB00D1E61A /* Storyboards */ = {
			isa = PBXGroup;
			children = (
				2E1F254826A69E8C00D1E61A /* Main.storyboard */,
				2E1F255026A69E8E00D1E61A /* LaunchScreen.storyboard */,
			);
			name = Storyboards;
			sourceTree = "<group>";
		};
		2E1F255D26A69F0A00D1E61A /* Assets */ = {
			isa = PBXGroup;
			children = (
				2E1F254B26A69E8C00D1E61A /* Timeline_Practical.xcdatamodeld */,
				2E1F254E26A69E8E00D1E61A /* Assets.xcassets */,
			);
			name = Assets;
			sourceTree = "<group>";
		};
		2E1F255F26A69F6A00D1E61A /* Utils */ = {
			isa = PBXGroup;
			children = (
				2E1F256426A6A43D00D1E61A /* Extensions */,
				2E1F256026A69F7300D1E61A /* Services */,
				2EFE08E526A70F13006D690C /* Constants.swift */,
			);
			path = Utils;
			sourceTree = "<group>";
		};
		2E1F256026A69F7300D1E61A /* Services */ = {
			isa = PBXGroup;
			children = (
				2E1F256126A69F9900D1E61A /* Managers */,
			);
			path = Services;
			sourceTree = "<group>";
		};
		2E1F256126A69F9900D1E61A /* Managers */ = {
			isa = PBXGroup;
			children = (
				2E1F256226A69FB200D1E61A /* LocationServices.swift */,
				2E1F256A26A6D41700D1E61A /* DBManager.swift */,
				2EFE08E926A726C6006D690C /* APIService.swift */,
			);
			path = Managers;
			sourceTree = "<group>";
		};
		2E1F256426A6A43D00D1E61A /* Extensions */ = {
			isa = PBXGroup;
			children = (
				2E1F256526A6A45F00D1E61A /* UIViewController+Extension.swift */,
				2E1F256C26A6DF2700D1E61A /* Date+String.swift */,
			);
			path = Extensions;
			sourceTree = "<group>";
		};
		2E1F256726A6C13F00D1E61A /* Model */ = {
			isa = PBXGroup;
			children = (
				2E1F256826A6C17200D1E61A /* LocationList.swift */,
				2EFE08EB26A72CAB006D690C /* SearchLocation.swift */,
			);
			path = Model;
			sourceTree = "<group>";
		};
		2E1F256E26A6E58100D1E61A /* Views */ = {
			isa = PBXGroup;
			children = (
			);
			path = Views;
			sourceTree = "<group>";
		};
		605060615F916385BA21037A /* Frameworks */ = {
			isa = PBXGroup;
			children = (
				6954A537C15615E6DA646A61 /* Pods_Timeline_Practical.framework */,
			);
			name = Frameworks;
			sourceTree = "<group>";
		};
		D72E91E5C26A5C010EC14C1F /* Pods */ = {
			isa = PBXGroup;
			children = (
				FD4F5010FBFD3C32DC755732 /* Pods-Timeline-Practical.debug.xcconfig */,
				09D34390AF60B514CC027B7B /* Pods-Timeline-Practical.release.xcconfig */,
			);
			path = Pods;
			sourceTree = "<group>";
		};
/* End PBXGroup section */

/* Begin PBXNativeTarget section */
		2E1F253E26A69E8C00D1E61A /* Timeline-Practical */ = {
			isa = PBXNativeTarget;
			buildConfigurationList = 2E1F255626A69E8E00D1E61A /* Build configuration list for PBXNativeTarget "Timeline-Practical" */;
			buildPhases = (
				79810CF7D18BD733AEF343B4 /* [CP] Check Pods Manifest.lock */,
				2E1F253B26A69E8C00D1E61A /* Sources */,
				2E1F253C26A69E8C00D1E61A /* Frameworks */,
				2E1F253D26A69E8C00D1E61A /* Resources */,
				97ED4509BBE7B3CD455F61E6 /* [CP] Embed Pods Frameworks */,
				598A608358BDA1014FA1F387 /* [CP] Copy Pods Resources */,
			);
			buildRules = (
			);
			dependencies = (
			);
			name = "Timeline-Practical";
			productName = "Timeline-Practical";
			productReference = 2E1F253F26A69E8C00D1E61A /* Timeline-Practical.app */;
			productType = "com.apple.product-type.application";
		};
/* End PBXNativeTarget section */

/* Begin PBXProject section */
		2E1F253726A69E8C00D1E61A /* Project object */ = {
			isa = PBXProject;
			attributes = {
				LastSwiftUpdateCheck = 1250;
				LastUpgradeCheck = 1250;
				TargetAttributes = {
					2E1F253E26A69E8C00D1E61A = {
						CreatedOnToolsVersion = 12.5;
					};
				};
			};
			buildConfigurationList = 2E1F253A26A69E8C00D1E61A /* Build configuration list for PBXProject "Timeline-Practical" */;
			compatibilityVersion = "Xcode 9.3";
			developmentRegion = en;
			hasScannedForEncodings = 0;
			knownRegions = (
				en,
				Base,
			);
			mainGroup = 2E1F253626A69E8C00D1E61A;
			productRefGroup = 2E1F254026A69E8C00D1E61A /* Products */;
			projectDirPath = "";
			projectRoot = "";
			targets = (
				2E1F253E26A69E8C00D1E61A /* Timeline-Practical */,
			);
		};
/* End PBXProject section */

/* Begin PBXResourcesBuildPhase section */
		2E1F253D26A69E8C00D1E61A /* Resources */ = {
			isa = PBXResourcesBuildPhase;
			buildActionMask = 2147483647;
			files = (
				2E1F255226A69E8E00D1E61A /* LaunchScreen.storyboard in Resources */,
				2E1F254F26A69E8E00D1E61A /* Assets.xcassets in Resources */,
				2E1F254A26A69E8C00D1E61A /* Main.storyboard in Resources */,
			);
			runOnlyForDeploymentPostprocessing = 0;
		};
/* End PBXResourcesBuildPhase section */

/* Begin PBXShellScriptBuildPhase section */
		598A608358BDA1014FA1F387 /* [CP] Copy Pods Resources */ = {
			isa = PBXShellScriptBuildPhase;
			buildActionMask = 2147483647;
			files = (
			);
			inputFileListPaths = (
				"${PODS_ROOT}/Target Support Files/Pods-Timeline-Practical/Pods-Timeline-Practical-resources-${CONFIGURATION}-input-files.xcfilelist",
			);
			name = "[CP] Copy Pods Resources";
			outputFileListPaths = (
				"${PODS_ROOT}/Target Support Files/Pods-Timeline-Practical/Pods-Timeline-Practical-resources-${CONFIGURATION}-output-files.xcfilelist",
			);
			runOnlyForDeploymentPostprocessing = 0;
			shellPath = /bin/sh;
			shellScript = "\"${PODS_ROOT}/Target Support Files/Pods-Timeline-Practical/Pods-Timeline-Practical-resources.sh\"\n";
			showEnvVarsInLog = 0;
		};
		79810CF7D18BD733AEF343B4 /* [CP] Check Pods Manifest.lock */ = {
			isa = PBXShellScriptBuildPhase;
			buildActionMask = 2147483647;
			files = (
			);
			inputFileListPaths = (
			);
			inputPaths = (
				"${PODS_PODFILE_DIR_PATH}/Podfile.lock",
				"${PODS_ROOT}/Manifest.lock",
			);
			name = "[CP] Check Pods Manifest.lock";
			outputFileListPaths = (
			);
			outputPaths = (
				"$(DERIVED_FILE_DIR)/Pods-Timeline-Practical-checkManifestLockResult.txt",
			);
			runOnlyForDeploymentPostprocessing = 0;
			shellPath = /bin/sh;
			shellScript = "diff \"${PODS_PODFILE_DIR_PATH}/Podfile.lock\" \"${PODS_ROOT}/Manifest.lock\" > /dev/null\nif [ $? != 0 ] ; then\n    # print error to STDERR\n    echo \"error: The sandbox is not in sync with the Podfile.lock. Run 'pod install' or update your CocoaPods installation.\" >&2\n    exit 1\nfi\n# This output is used by Xcode 'outputs' to avoid re-running this script phase.\necho \"SUCCESS\" > \"${SCRIPT_OUTPUT_FILE_0}\"\n";
			showEnvVarsInLog = 0;
		};
		97ED4509BBE7B3CD455F61E6 /* [CP] Embed Pods Frameworks */ = {
			isa = PBXShellScriptBuildPhase;
			buildActionMask = 2147483647;
			files = (
			);
			inputFileListPaths = (
				"${PODS_ROOT}/Target Support Files/Pods-Timeline-Practical/Pods-Timeline-Practical-frameworks-${CONFIGURATION}-input-files.xcfilelist",
			);
			name = "[CP] Embed Pods Frameworks";
			outputFileListPaths = (
				"${PODS_ROOT}/Target Support Files/Pods-Timeline-Practical/Pods-Timeline-Practical-frameworks-${CONFIGURATION}-output-files.xcfilelist",
			);
			runOnlyForDeploymentPostprocessing = 0;
			shellPath = /bin/sh;
			shellScript = "\"${PODS_ROOT}/Target Support Files/Pods-Timeline-Practical/Pods-Timeline-Practical-frameworks.sh\"\n";
			showEnvVarsInLog = 0;
		};
/* End PBXShellScriptBuildPhase section */

/* Begin PBXSourcesBuildPhase section */
		2E1F253B26A69E8C00D1E61A /* Sources */ = {
			isa = PBXSourcesBuildPhase;
			buildActionMask = 2147483647;
			files = (
				2EFE08E426A6F93B006D690C /* AddPlaceViewController.swift in Sources */,
				2EFE08E626A70F13006D690C /* Constants.swift in Sources */,
				2E1F256626A6A45F00D1E61A /* UIViewController+Extension.swift in Sources */,
				2EFE08E826A71D29006D690C /* SearchLocationViewController.swift in Sources */,
				2E1F254D26A69E8C00D1E61A /* Timeline_Practical.xcdatamodeld in Sources */,
				2E1F254726A69E8C00D1E61A /* ViewController.swift in Sources */,
				2E1F256B26A6D41700D1E61A /* DBManager.swift in Sources */,
				2EC38F2B26A82EB700C09B47 /* SettingsViewController.swift in Sources */,
				2E1F254326A69E8C00D1E61A /* AppDelegate.swift in Sources */,
				2E1F256D26A6DF2700D1E61A /* Date+String.swift in Sources */,
				2EFE08EA26A726C6006D690C /* APIService.swift in Sources */,
				2EFE08EC26A72CAB006D690C /* SearchLocation.swift in Sources */,
				2E1F256326A69FB200D1E61A /* LocationServices.swift in Sources */,
				2E1F254526A69E8C00D1E61A /* SceneDelegate.swift in Sources */,
				2E1F256926A6C17200D1E61A /* LocationList.swift in Sources */,
				2EC38F2926A8006D00C09B47 /* TimelineViewController.swift in Sources */,
			);
			runOnlyForDeploymentPostprocessing = 0;
		};
/* End PBXSourcesBuildPhase section */

/* Begin PBXVariantGroup section */
		2E1F254826A69E8C00D1E61A /* Main.storyboard */ = {
			isa = PBXVariantGroup;
			children = (
				2E1F254926A69E8C00D1E61A /* Base */,
			);
			name = Main.storyboard;
			sourceTree = "<group>";
		};
		2E1F255026A69E8E00D1E61A /* LaunchScreen.storyboard */ = {
			isa = PBXVariantGroup;
			children = (
				2E1F255126A69E8E00D1E61A /* Base */,
			);
			name = LaunchScreen.storyboard;
			sourceTree = "<group>";
		};
/* End PBXVariantGroup section */

/* Begin XCBuildConfiguration section */
		2E1F255426A69E8E00D1E61A /* Debug */ = {
			isa = XCBuildConfiguration;
			buildSettings = {
				ALWAYS_SEARCH_USER_PATHS = NO;
				CLANG_ANALYZER_NONNULL = YES;
				CLANG_ANALYZER_NUMBER_OBJECT_CONVERSION = YES_AGGRESSIVE;
				CLANG_CXX_LANGUAGE_STANDARD = "gnu++14";
				CLANG_CXX_LIBRARY = "libc++";
				CLANG_ENABLE_MODULES = YES;
				CLANG_ENABLE_OBJC_ARC = YES;
				CLANG_ENABLE_OBJC_WEAK = YES;
				CLANG_WARN_BLOCK_CAPTURE_AUTORELEASING = YES;
				CLANG_WARN_BOOL_CONVERSION = YES;
				CLANG_WARN_COMMA = YES;
				CLANG_WARN_CONSTANT_CONVERSION = YES;
				CLANG_WARN_DEPRECATED_OBJC_IMPLEMENTATIONS = YES;
				CLANG_WARN_DIRECT_OBJC_ISA_USAGE = YES_ERROR;
				CLANG_WARN_DOCUMENTATION_COMMENTS = YES;
				CLANG_WARN_EMPTY_BODY = YES;
				CLANG_WARN_ENUM_CONVERSION = YES;
				CLANG_WARN_INFINITE_RECURSION = YES;
				CLANG_WARN_INT_CONVERSION = YES;
				CLANG_WARN_NON_LITERAL_NULL_CONVERSION = YES;
				CLANG_WARN_OBJC_IMPLICIT_RETAIN_SELF = YES;
				CLANG_WARN_OBJC_LITERAL_CONVERSION = YES;
				CLANG_WARN_OBJC_ROOT_CLASS = YES_ERROR;
				CLANG_WARN_QUOTED_INCLUDE_IN_FRAMEWORK_HEADER = YES;
				CLANG_WARN_RANGE_LOOP_ANALYSIS = YES;
				CLANG_WARN_STRICT_PROTOTYPES = YES;
				CLANG_WARN_SUSPICIOUS_MOVE = YES;
				CLANG_WARN_UNGUARDED_AVAILABILITY = YES_AGGRESSIVE;
				CLANG_WARN_UNREACHABLE_CODE = YES;
				CLANG_WARN__DUPLICATE_METHOD_MATCH = YES;
				COPY_PHASE_STRIP = NO;
				DEBUG_INFORMATION_FORMAT = dwarf;
				ENABLE_STRICT_OBJC_MSGSEND = YES;
				ENABLE_TESTABILITY = YES;
				GCC_C_LANGUAGE_STANDARD = gnu11;
				GCC_DYNAMIC_NO_PIC = NO;
				GCC_NO_COMMON_BLOCKS = YES;
				GCC_OPTIMIZATION_LEVEL = 0;
				GCC_PREPROCESSOR_DEFINITIONS = (
					"DEBUG=1",
					"$(inherited)",
				);
				GCC_WARN_64_TO_32_BIT_CONVERSION = YES;
				GCC_WARN_ABOUT_RETURN_TYPE = YES_ERROR;
				GCC_WARN_UNDECLARED_SELECTOR = YES;
				GCC_WARN_UNINITIALIZED_AUTOS = YES_AGGRESSIVE;
				GCC_WARN_UNUSED_FUNCTION = YES;
				GCC_WARN_UNUSED_VARIABLE = YES;
				IPHONEOS_DEPLOYMENT_TARGET = 14.5;
				MTL_ENABLE_DEBUG_INFO = INCLUDE_SOURCE;
				MTL_FAST_MATH = YES;
				ONLY_ACTIVE_ARCH = YES;
				SDKROOT = iphoneos;
				SWIFT_ACTIVE_COMPILATION_CONDITIONS = DEBUG;
				SWIFT_OPTIMIZATION_LEVEL = "-Onone";
			};
			name = Debug;
		};
		2E1F255526A69E8E00D1E61A /* Release */ = {
			isa = XCBuildConfiguration;
			buildSettings = {
				ALWAYS_SEARCH_USER_PATHS = NO;
				CLANG_ANALYZER_NONNULL = YES;
				CLANG_ANALYZER_NUMBER_OBJECT_CONVERSION = YES_AGGRESSIVE;
				CLANG_CXX_LANGUAGE_STANDARD = "gnu++14";
				CLANG_CXX_LIBRARY = "libc++";
				CLANG_ENABLE_MODULES = YES;
				CLANG_ENABLE_OBJC_ARC = YES;
				CLANG_ENABLE_OBJC_WEAK = YES;
				CLANG_WARN_BLOCK_CAPTURE_AUTORELEASING = YES;
				CLANG_WARN_BOOL_CONVERSION = YES;
				CLANG_WARN_COMMA = YES;
				CLANG_WARN_CONSTANT_CONVERSION = YES;
				CLANG_WARN_DEPRECATED_OBJC_IMPLEMENTATIONS = YES;
				CLANG_WARN_DIRECT_OBJC_ISA_USAGE = YES_ERROR;
				CLANG_WARN_DOCUMENTATION_COMMENTS = YES;
				CLANG_WARN_EMPTY_BODY = YES;
				CLANG_WARN_ENUM_CONVERSION = YES;
				CLANG_WARN_INFINITE_RECURSION = YES;
				CLANG_WARN_INT_CONVERSION = YES;
				CLANG_WARN_NON_LITERAL_NULL_CONVERSION = YES;
				CLANG_WARN_OBJC_IMPLICIT_RETAIN_SELF = YES;
				CLANG_WARN_OBJC_LITERAL_CONVERSION = YES;
				CLANG_WARN_OBJC_ROOT_CLASS = YES_ERROR;
				CLANG_WARN_QUOTED_INCLUDE_IN_FRAMEWORK_HEADER = YES;
				CLANG_WARN_RANGE_LOOP_ANALYSIS = YES;
				CLANG_WARN_STRICT_PROTOTYPES = YES;
				CLANG_WARN_SUSPICIOUS_MOVE = YES;
				CLANG_WARN_UNGUARDED_AVAILABILITY = YES_AGGRESSIVE;
				CLANG_WARN_UNREACHABLE_CODE = YES;
				CLANG_WARN__DUPLICATE_METHOD_MATCH = YES;
				COPY_PHASE_STRIP = NO;
				DEBUG_INFORMATION_FORMAT = "dwarf-with-dsym";
				ENABLE_NS_ASSERTIONS = NO;
				ENABLE_STRICT_OBJC_MSGSEND = YES;
				GCC_C_LANGUAGE_STANDARD = gnu11;
				GCC_NO_COMMON_BLOCKS = YES;
				GCC_WARN_64_TO_32_BIT_CONVERSION = YES;
				GCC_WARN_ABOUT_RETURN_TYPE = YES_ERROR;
				GCC_WARN_UNDECLARED_SELECTOR = YES;
				GCC_WARN_UNINITIALIZED_AUTOS = YES_AGGRESSIVE;
				GCC_WARN_UNUSED_FUNCTION = YES;
				GCC_WARN_UNUSED_VARIABLE = YES;
				IPHONEOS_DEPLOYMENT_TARGET = 14.5;
				MTL_ENABLE_DEBUG_INFO = NO;
				MTL_FAST_MATH = YES;
				SDKROOT = iphoneos;
				SWIFT_COMPILATION_MODE = wholemodule;
				SWIFT_OPTIMIZATION_LEVEL = "-O";
				VALIDATE_PRODUCT = YES;
			};
			name = Release;
		};
		2E1F255726A69E8E00D1E61A /* Debug */ = {
			isa = XCBuildConfiguration;
			baseConfigurationReference = FD4F5010FBFD3C32DC755732 /* Pods-Timeline-Practical.debug.xcconfig */;
			buildSettings = {
				ASSETCATALOG_COMPILER_APPICON_NAME = AppIcon;
				ASSETCATALOG_COMPILER_GLOBAL_ACCENT_COLOR_NAME = AccentColor;
				CODE_SIGN_STYLE = Manual;
				DEVELOPMENT_TEAM = "";
				INFOPLIST_FILE = "Timeline-Practical/Info.plist";
				IPHONEOS_DEPLOYMENT_TARGET = 14.1;
				LD_RUNPATH_SEARCH_PATHS = (
					"$(inherited)",
					"@executable_path/Frameworks",
				);
				PRODUCT_BUNDLE_IDENTIFIER = "com.devit.Timeline-Practical";
				PRODUCT_NAME = "$(TARGET_NAME)";
				PROVISIONING_PROFILE_SPECIFIER = "";
				SWIFT_VERSION = 5.0;
				TARGETED_DEVICE_FAMILY = 1;
			};
			name = Debug;
		};
		2E1F255826A69E8E00D1E61A /* Release */ = {
			isa = XCBuildConfiguration;
			baseConfigurationReference = 09D34390AF60B514CC027B7B /* Pods-Timeline-Practical.release.xcconfig */;
			buildSettings = {
				ASSETCATALOG_COMPILER_APPICON_NAME = AppIcon;
				ASSETCATALOG_COMPILER_GLOBAL_ACCENT_COLOR_NAME = AccentColor;
				CODE_SIGN_STYLE = Manual;
				DEVELOPMENT_TEAM = "";
				INFOPLIST_FILE = "Timeline-Practical/Info.plist";
				IPHONEOS_DEPLOYMENT_TARGET = 14.1;
				LD_RUNPATH_SEARCH_PATHS = (
					"$(inherited)",
					"@executable_path/Frameworks",
				);
				PRODUCT_BUNDLE_IDENTIFIER = "com.devit.Timeline-Practical";
				PRODUCT_NAME = "$(TARGET_NAME)";
				PROVISIONING_PROFILE_SPECIFIER = "";
				SWIFT_VERSION = 5.0;
				TARGETED_DEVICE_FAMILY = 1;
			};
			name = Release;
		};
/* End XCBuildConfiguration section */

/* Begin XCConfigurationList section */
		2E1F253A26A69E8C00D1E61A /* Build configuration list for PBXProject "Timeline-Practical" */ = {
			isa = XCConfigurationList;
			buildConfigurations = (
				2E1F255426A69E8E00D1E61A /* Debug */,
				2E1F255526A69E8E00D1E61A /* Release */,
			);
			defaultConfigurationIsVisible = 0;
			defaultConfigurationName = Release;
		};
		2E1F255626A69E8E00D1E61A /* Build configuration list for PBXNativeTarget "Timeline-Practical" */ = {
			isa = XCConfigurationList;
			buildConfigurations = (
				2E1F255726A69E8E00D1E61A /* Debug */,
				2E1F255826A69E8E00D1E61A /* Release */,
			);
			defaultConfigurationIsVisible = 0;
			defaultConfigurationName = Release;
		};
/* End XCConfigurationList section */

/* Begin XCVersionGroup section */
		2E1F254B26A69E8C00D1E61A /* Timeline_Practical.xcdatamodeld */ = {
			isa = XCVersionGroup;
			children = (
				2E1F254C26A69E8C00D1E61A /* Timeline_Practical.xcdatamodel */,
			);
			currentVersion = 2E1F254C26A69E8C00D1E61A /* Timeline_Practical.xcdatamodel */;
			path = Timeline_Practical.xcdatamodeld;
			sourceTree = "<group>";
			versionGroupType = wrapper.xcdatamodel;
		};
/* End XCVersionGroup section */
	};
	rootObject = 2E1F253726A69E8C00D1E61A /* Project object */;
}
